
Microsoft Visual Studio Solution File, Format Version 12.00
# Visual Studio 14
VisualStudioVersion = 14.0.25420.1
MinimumVisualStudioVersion = 10.0.40219.1
Project("{2150E333-8FDC-42A3-9474-1A3956D46DE8}") = "Providers", "Providers", "{75FBC6BD-EE31-409D-99B1-A41013AE5154}"
EndProject
Project("{2150E333-8FDC-42A3-9474-1A3956D46DE8}") = "Mvc", "Mvc", "{CCAA2BDA-DF86-446E-9E3E-2603B21CBE1C}"
EndProject
Project("{FAE04EC0-301F-11D3-BF4B-00C04F79EFBC}") = "JDash.SqlProvider", "JDash.SqlProvider\JDash.SqlProvider.csproj", "{EA4053CE-6F62-44ED-A139-701301CD4023}"
EndProject
Project("{FAE04EC0-301F-11D3-BF4B-00C04F79EFBC}") = "JDash", "JDash.Core\JDash.csproj", "{115849A5-2148-4308-9D86-3B3BB02F43D2}"
EndProject
Project("{FAE04EC0-301F-11D3-BF4B-00C04F79EFBC}") = "JDash.SessionProvider", "JDash.SessionProvider\JDash.SessionProvider.csproj", "{3DE3C335-F7A4-4778-9732-087B661FDC91}"
EndProject
Project("{FAE04EC0-301F-11D3-BF4B-00C04F79EFBC}") = "JDash.ResourceBuilder", "JDash.ResourceBuilder\JDash.ResourceBuilder.csproj", "{0406AEC8-0D3C-4E3C-9B8B-51801E881B72}"
EndProject
Project("{FAE04EC0-301F-11D3-BF4B-00C04F79EFBC}") = "JDash.MySqlProvider", "JDash.MySqlProvider\JDash.MySqlProvider.csproj", "{5E931BDF-C47C-4934-A866-1B1C574EC558}"
EndProject
Project("{FAE04EC0-301F-11D3-BF4B-00C04F79EFBC}") = "JDash.Mvc", "JDash.Mvc\JDash.Mvc.csproj", "{6CC1697B-2D6D-49B8-BB95-6F87D44BE94F}"
EndProject
Global
	GlobalSection(SolutionConfigurationPlatforms) = preSolution
		CD_ROM|Any CPU = CD_ROM|Any CPU
		CD_ROM|x86 = CD_ROM|x86
		Debug|Any CPU = Debug|Any CPU
		Debug|x86 = Debug|x86
		DVD-5|Any CPU = DVD-5|Any CPU
		DVD-5|x86 = DVD-5|x86
		Release|Any CPU = Release|Any CPU
		Release|x86 = Release|x86
		SingleImage|Any CPU = SingleImage|Any CPU
		SingleImage|x86 = SingleImage|x86
	EndGlobalSection
	GlobalSection(ProjectConfigurationPlatforms) = postSolution
		{EA4053CE-6F62-44ED-A139-701301CD4023}.CD_ROM|Any CPU.ActiveCfg = Release|Any CPU
		{EA4053CE-6F62-44ED-A139-701301CD4023}.CD_ROM|Any CPU.Build.0 = Release|Any CPU
		{EA4053CE-6F62-44ED-A139-701301CD4023}.CD_ROM|x86.ActiveCfg = Release|Any CPU
		{EA4053CE-6F62-44ED-A139-701301CD4023}.Debug|Any CPU.ActiveCfg = Debug|Any CPU
		{EA4053CE-6F62-44ED-A139-701301CD4023}.Debug|Any CPU.Build.0 = Debug|Any CPU
		{EA4053CE-6F62-44ED-A139-701301CD4023}.Debug|x86.ActiveCfg = Debug|Any CPU
		{EA4053CE-6F62-44ED-A139-701301CD4023}.DVD-5|Any CPU.ActiveCfg = Debug|Any CPU
		{EA4053CE-6F62-44ED-A139-701301CD4023}.DVD-5|Any CPU.Build.0 = Debug|Any CPU
		{EA4053CE-6F62-44ED-A139-701301CD4023}.DVD-5|x86.ActiveCfg = Debug|Any CPU
		{EA4053CE-6F62-44ED-A139-701301CD4023}.Release|Any CPU.ActiveCfg = Release|Any CPU
		{EA4053CE-6F62-44ED-A139-701301CD4023}.Release|Any CPU.Build.0 = Release|Any CPU
		{EA4053CE-6F62-44ED-A139-701301CD4023}.Release|x86.ActiveCfg = Release|Any CPU
		{EA4053CE-6F62-44ED-A139-701301CD4023}.SingleImage|Any CPU.ActiveCfg = Release|Any CPU
		{EA4053CE-6F62-44ED-A139-701301CD4023}.SingleImage|Any CPU.Build.0 = Release|Any CPU
		{EA4053CE-6F62-44ED-A139-701301CD4023}.SingleImage|x86.ActiveCfg = Release|Any CPU
		{115849A5-2148-4308-9D86-3B3BB02F43D2}.CD_ROM|Any CPU.ActiveCfg = Release|Any CPU
		{115849A5-2148-4308-9D86-3B3BB02F43D2}.CD_ROM|Any CPU.Build.0 = Release|Any CPU
		{115849A5-2148-4308-9D86-3B3BB02F43D2}.CD_ROM|x86.ActiveCfg = Release|Any CPU
		{115849A5-2148-4308-9D86-3B3BB02F43D2}.Debug|Any CPU.ActiveCfg = Debug|Any CPU
		{115849A5-2148-4308-9D86-3B3BB02F43D2}.Debug|Any CPU.Build.0 = Debug|Any CPU
		{115849A5-2148-4308-9D86-3B3BB02F43D2}.Debug|x86.ActiveCfg = Debug|Any CPU
		{115849A5-2148-4308-9D86-3B3BB02F43D2}.DVD-5|Any CPU.ActiveCfg = Debug|Any CPU
		{115849A5-2148-4308-9D86-3B3BB02F43D2}.DVD-5|Any CPU.Build.0 = Debug|Any CPU
		{115849A5-2148-4308-9D86-3B3BB02F43D2}.DVD-5|x86.ActiveCfg = Debug|Any CPU
		{115849A5-2148-4308-9D86-3B3BB02F43D2}.Release|Any CPU.ActiveCfg = Release|Any CPU
		{115849A5-2148-4308-9D86-3B3BB02F43D2}.Release|Any CPU.Build.0 = Release|Any CPU
		{115849A5-2148-4308-9D86-3B3BB02F43D2}.Release|x86.ActiveCfg = Release|Any CPU
		{115849A5-2148-4308-9D86-3B3BB02F43D2}.SingleImage|Any CPU.ActiveCfg = Release|Any CPU
		{115849A5-2148-4308-9D86-3B3BB02F43D2}.SingleImage|Any CPU.Build.0 = Release|Any CPU
		{115849A5-2148-4308-9D86-3B3BB02F43D2}.SingleImage|x86.ActiveCfg = Release|Any CPU
		{3DE3C335-F7A4-4778-9732-087B661FDC91}.CD_ROM|Any CPU.ActiveCfg = Release|Any CPU
		{3DE3C335-F7A4-4778-9732-087B661FDC91}.CD_ROM|Any CPU.Build.0 = Release|Any CPU
		{3DE3C335-F7A4-4778-9732-087B661FDC91}.CD_ROM|x86.ActiveCfg = Release|Any CPU
		{3DE3C335-F7A4-4778-9732-087B661FDC91}.Debug|Any CPU.ActiveCfg = Debug|Any CPU
		{3DE3C335-F7A4-4778-9732-087B661FDC91}.Debug|Any CPU.Build.0 = Debug|Any CPU
		{3DE3C335-F7A4-4778-9732-087B661FDC91}.Debug|x86.ActiveCfg = Debug|Any CPU
		{3DE3C335-F7A4-4778-9732-087B661FDC91}.DVD-5|Any CPU.ActiveCfg = Debug|Any CPU
		{3DE3C335-F7A4-4778-9732-087B661FDC91}.DVD-5|Any CPU.Build.0 = Debug|Any CPU
		{3DE3C335-F7A4-4778-9732-087B661FDC91}.DVD-5|x86.ActiveCfg = Debug|Any CPU
		{3DE3C335-F7A4-4778-9732-087B661FDC91}.Release|Any CPU.ActiveCfg = Release|Any CPU
		{3DE3C335-F7A4-4778-9732-087B661FDC91}.Release|Any CPU.Build.0 = Release|Any CPU
		{3DE3C335-F7A4-4778-9732-087B661FDC91}.Release|x86.ActiveCfg = Release|Any CPU
		{3DE3C335-F7A4-4778-9732-087B661FDC91}.SingleImage|Any CPU.ActiveCfg = Release|Any CPU
		{3DE3C335-F7A4-4778-9732-087B661FDC91}.SingleImage|Any CPU.Build.0 = Release|Any CPU
		{3DE3C335-F7A4-4778-9732-087B661FDC91}.SingleImage|x86.ActiveCfg = Release|Any CPU
		{0406AEC8-0D3C-4E3C-9B8B-51801E881B72}.CD_ROM|Any CPU.ActiveCfg = Release|Any CPU
		{0406AEC8-0D3C-4E3C-9B8B-51801E881B72}.CD_ROM|Any CPU.Build.0 = Release|Any CPU
		{0406AEC8-0D3C-4E3C-9B8B-51801E881B72}.CD_ROM|x86.ActiveCfg = Release|Any CPU
		{0406AEC8-0D3C-4E3C-9B8B-51801E881B72}.Debug|Any CPU.ActiveCfg = Debug|Any CPU
		{0406AEC8-0D3C-4E3C-9B8B-51801E881B72}.Debug|Any CPU.Build.0 = Debug|Any CPU
		{0406AEC8-0D3C-4E3C-9B8B-51801E881B72}.Debug|x86.ActiveCfg = Debug|Any CPU
		{0406AEC8-0D3C-4E3C-9B8B-51801E881B72}.DVD-5|Any CPU.ActiveCfg = Debug|Any CPU
		{0406AEC8-0D3C-4E3C-9B8B-51801E881B72}.DVD-5|Any CPU.Build.0 = Debug|Any CPU
		{0406AEC8-0D3C-4E3C-9B8B-51801E881B72}.DVD-5|x86.ActiveCfg = Debug|Any CPU
		{0406AEC8-0D3C-4E3C-9B8B-51801E881B72}.Release|Any CPU.ActiveCfg = Release|Any CPU
		{0406AEC8-0D3C-4E3C-9B8B-51801E881B72}.Release|Any CPU.Build.0 = Release|Any CPU
		{0406AEC8-0D3C-4E3C-9B8B-51801E881B72}.Release|x86.ActiveCfg = Release|Any CPU
		{0406AEC8-0D3C-4E3C-9B8B-51801E881B72}.SingleImage|Any CPU.ActiveCfg = Release|Any CPU
		{0406AEC8-0D3C-4E3C-9B8B-51801E881B72}.SingleImage|Any CPU.Build.0 = Release|Any CPU
		{0406AEC8-0D3C-4E3C-9B8B-51801E881B72}.SingleImage|x86.ActiveCfg = Release|Any CPU
		{5E931BDF-C47C-4934-A866-1B1C574EC558}.CD_ROM|Any CPU.ActiveCfg = Release|Any CPU
		{5E931BDF-C47C-4934-A866-1B1C574EC558}.CD_ROM|Any CPU.Build.0 = Release|Any CPU
		{5E931BDF-C47C-4934-A866-1B1C574EC558}.CD_ROM|x86.ActiveCfg = Release|x86
		{5E931BDF-C47C-4934-A866-1B1C574EC558}.CD_ROM|x86.Build.0 = Release|x86
		{5E931BDF-C47C-4934-A866-1B1C574EC558}.Debug|Any CPU.ActiveCfg = Debug|Any CPU
		{5E931BDF-C47C-4934-A866-1B1C574EC558}.Debug|Any CPU.Build.0 = Debug|Any CPU
		{5E931BDF-C47C-4934-A866-1B1C574EC558}.Debug|x86.ActiveCfg = Debug|x86
		{5E931BDF-C47C-4934-A866-1B1C574EC558}.Debug|x86.Build.0 = Debug|x86
		{5E931BDF-C47C-4934-A866-1B1C574EC558}.DVD-5|Any CPU.ActiveCfg = Debug|Any CPU
		{5E931BDF-C47C-4934-A866-1B1C574EC558}.DVD-5|Any CPU.Build.0 = Debug|Any CPU
		{5E931BDF-C47C-4934-A866-1B1C574EC558}.DVD-5|x86.ActiveCfg = Debug|x86
		{5E931BDF-C47C-4934-A866-1B1C574EC558}.DVD-5|x86.Build.0 = Debug|x86
		{5E931BDF-C47C-4934-A866-1B1C574EC558}.Release|Any CPU.ActiveCfg = Release|Any CPU
		{5E931BDF-C47C-4934-A866-1B1C574EC558}.Release|Any CPU.Build.0 = Release|Any CPU
		{5E931BDF-C47C-4934-A866-1B1C574EC558}.Release|x86.ActiveCfg = Release|x86
		{5E931BDF-C47C-4934-A866-1B1C574EC558}.Release|x86.Build.0 = Release|x86
		{5E931BDF-C47C-4934-A866-1B1C574EC558}.SingleImage|Any CPU.ActiveCfg = Release|Any CPU
		{5E931BDF-C47C-4934-A866-1B1C574EC558}.SingleImage|Any CPU.Build.0 = Release|Any CPU
		{5E931BDF-C47C-4934-A866-1B1C574EC558}.SingleImage|x86.ActiveCfg = Release|x86
		{5E931BDF-C47C-4934-A866-1B1C574EC558}.SingleImage|x86.Build.0 = Release|x86
		{6CC1697B-2D6D-49B8-BB95-6F87D44BE94F}.CD_ROM|Any CPU.ActiveCfg = Release|Any CPU
		{6CC1697B-2D6D-49B8-BB95-6F87D44BE94F}.CD_ROM|Any CPU.Build.0 = Release|Any CPU
		{6CC1697B-2D6D-49B8-BB95-6F87D44BE94F}.CD_ROM|x86.ActiveCfg = Release|Any CPU
		{6CC1697B-2D6D-49B8-BB95-6F87D44BE94F}.Debug|Any CPU.ActiveCfg = Debug|Any CPU
		{6CC1697B-2D6D-49B8-BB95-6F87D44BE94F}.Debug|Any CPU.Build.0 = Debug|Any CPU
		{6CC1697B-2D6D-49B8-BB95-6F87D44BE94F}.Debug|x86.ActiveCfg = Debug|Any CPU
		{6CC1697B-2D6D-49B8-BB95-6F87D44BE94F}.DVD-5|Any CPU.ActiveCfg = Debug|Any CPU
		{6CC1697B-2D6D-49B8-BB95-6F87D44BE94F}.DVD-5|Any CPU.Build.0 = Debug|Any CPU
		{6CC1697B-2D6D-49B8-BB95-6F87D44BE94F}.DVD-5|x86.ActiveCfg = Debug|Any CPU
		{6CC1697B-2D6D-49B8-BB95-6F87D44BE94F}.Release|Any CPU.ActiveCfg = Release|Any CPU
		{6CC1697B-2D6D-49B8-BB95-6F87D44BE94F}.Release|Any CPU.Build.0 = Release|Any CPU
		{6CC1697B-2D6D-49B8-BB95-6F87D44BE94F}.Release|x86.ActiveCfg = Release|Any CPU
		{6CC1697B-2D6D-49B8-BB95-6F87D44BE94F}.SingleImage|Any CPU.ActiveCfg = Release|Any CPU
		{6CC1697B-2D6D-49B8-BB95-6F87D44BE94F}.SingleImage|Any CPU.Build.0 = Release|Any CPU
		{6CC1697B-2D6D-49B8-BB95-6F87D44BE94F}.SingleImage|x86.ActiveCfg = Release|Any CPU
	EndGlobalSection
	GlobalSection(SolutionProperties) = preSolution
		HideSolutionNode = FALSE
	EndGlobalSection
	GlobalSection(NestedProjects) = preSolution
		{EA4053CE-6F62-44ED-A139-701301CD4023} = {75FBC6BD-EE31-409D-99B1-A41013AE5154}
		{3DE3C335-F7A4-4778-9732-087B661FDC91} = {75FBC6BD-EE31-409D-99B1-A41013AE5154}
		{5E931BDF-C47C-4934-A866-1B1C574EC558} = {75FBC6BD-EE31-409D-99B1-A41013AE5154}
		{6CC1697B-2D6D-49B8-BB95-6F87D44BE94F} = {CCAA2BDA-DF86-446E-9E3E-2603B21CBE1C}
	EndGlobalSection
EndGlobal
